// !$*UTF8*$!
{
	archiveVersion = 1;
	classes = {
	};
	objectVersion = 50;
	objects = {

/* Begin PBXBuildFile section */
		ACB5D8EE2580D8EF00326A83 /* AppDelegate.swift in Sources */ = {isa = PBXBuildFile; fileRef = ACB5D8ED2580D8EF00326A83 /* AppDelegate.swift */; };
		ACB5D8F02580D8EF00326A83 /* SceneDelegate.swift in Sources */ = {isa = PBXBuildFile; fileRef = ACB5D8EF2580D8EF00326A83 /* SceneDelegate.swift */; };
		ACB5D8F22580D8EF00326A83 /* ViewController.swift in Sources */ = {isa = PBXBuildFile; fileRef = ACB5D8F12580D8EF00326A83 /* ViewController.swift */; };
		ACB5D8F52580D8EF00326A83 /* Main.storyboard in Resources */ = {isa = PBXBuildFile; fileRef = ACB5D8F32580D8EF00326A83 /* Main.storyboard */; };
		ACB5D8F82580D8EF00326A83 /* SwiftUIPerfomanceTestApp.xcdatamodeld in Sources */ = {isa = PBXBuildFile; fileRef = ACB5D8F62580D8EF00326A83 /* SwiftUIPerfomanceTestApp.xcdatamodeld */; };
		ACB5D8FA2580D8EF00326A83 /* Assets.xcassets in Resources */ = {isa = PBXBuildFile; fileRef = ACB5D8F92580D8EF00326A83 /* Assets.xcassets */; };
		ACB5D8FD2580D8EF00326A83 /* LaunchScreen.storyboard in Resources */ = {isa = PBXBuildFile; fileRef = ACB5D8FB2580D8EF00326A83 /* LaunchScreen.storyboard */; };
/* End PBXBuildFile section */

/* Begin PBXFileReference section */
		ACB5D8EA2580D8EF00326A83 /* SwiftUIPerfomanceTestApp.app */ = {isa = PBXFileReference; explicitFileType = wrapper.application; includeInIndex = 0; path = SwiftUIPerfomanceTestApp.app; sourceTree = BUILT_PRODUCTS_DIR; };
		ACB5D8ED2580D8EF00326A83 /* AppDelegate.swift */ = {isa = PBXFileReference; lastKnownFileType = sourcecode.swift; path = AppDelegate.swift; sourceTree = "<group>"; };
		ACB5D8EF2580D8EF00326A83 /* SceneDelegate.swift */ = {isa = PBXFileReference; lastKnownFileType = sourcecode.swift; path = SceneDelegate.swift; sourceTree = "<group>"; };
		ACB5D8F12580D8EF00326A83 /* ViewController.swift */ = {isa = PBXFileReference; lastKnownFileType = sourcecode.swift; path = ViewController.swift; sourceTree = "<group>"; };
		ACB5D8F42580D8EF00326A83 /* Base */ = {isa = PBXFileReference; lastKnownFileType = file.storyboard; name = Base; path = Base.lproj/Main.storyboard; sourceTree = "<group>"; };
		ACB5D8F72580D8EF00326A83 /* SwiftUIPerfomanceTestApp.xcdatamodel */ = {isa = PBXFileReference; lastKnownFileType = wrapper.xcdatamodel; path = SwiftUIPerfomanceTestApp.xcdatamodel; sourceTree = "<group>"; };
		ACB5D8F92580D8EF00326A83 /* Assets.xcassets */ = {isa = PBXFileReference; lastKnownFileType = folder.assetcatalog; path = Assets.xcassets; sourceTree = "<group>"; };
		ACB5D8FC2580D8EF00326A83 /* Base */ = {isa = PBXFileReference; lastKnownFileType = file.storyboard; name = Base; path = Base.lproj/LaunchScreen.storyboard; sourceTree = "<group>"; };
		ACB5D8FE2580D8EF00326A83 /* Info.plist */ = {isa = PBXFileReference; lastKnownFileType = text.plist.xml; path = Info.plist; sourceTree = "<group>"; };
/* End PBXFileReference section */

/* Begin PBXFrameworksBuildPhase section */
		ACB5D8E72580D8EF00326A83 /* Frameworks */ = {
			isa = PBXFrameworksBuildPhase;
			buildActionMask = 2147483647;
			files = (
			);
			runOnlyForDeploymentPostprocessing = 0;
		};
/* End PBXFrameworksBuildPhase section */

/* Begin PBXGroup section */
		ACB5D8E12580D8EF00326A83 = {
			isa = PBXGroup;
			children = (
				ACB5D8EC2580D8EF00326A83 /* SwiftUIPerfomanceTestApp */,
				ACB5D8EB2580D8EF00326A83 /* Products */,
			);
			sourceTree = "<group>";
		};
		ACB5D8EB2580D8EF00326A83 /* Products */ = {
			isa = PBXGroup;
			children = (
				ACB5D8EA2580D8EF00326A83 /* SwiftUIPerfomanceTestApp.app */,
			);
			name = Products;
			sourceTree = "<group>";
		};
		ACB5D8EC2580D8EF00326A83 /* SwiftUIPerfomanceTestApp */ = {
			isa = PBXGroup;
			children = (
				ACB5D8ED2580D8EF00326A83 /* AppDelegate.swift */,
				ACB5D8EF2580D8EF00326A83 /* SceneDelegate.swift */,
				ACB5D8F12580D8EF00326A83 /* ViewController.swift */,
				ACB5D8F32580D8EF00326A83 /* Main.storyboard */,
				ACB5D8F92580D8EF00326A83 /* Assets.xcassets */,
				ACB5D8FB2580D8EF00326A83 /* LaunchScreen.storyboard */,
				ACB5D8FE2580D8EF00326A83 /* Info.plist */,
				ACB5D8F62580D8EF00326A83 /* SwiftUIPerfomanceTestApp.xcdatamodeld */,
			);
			path = SwiftUIPerfomanceTestApp;
			sourceTree = "<group>";
		};
/* End PBXGroup section */

/* Begin PBXNativeTarget section */
		ACB5D8E92580D8EF00326A83 /* SwiftUIPerfomanceTestApp */ = {
			isa = PBXNativeTarget;
			buildConfigurationList = ACB5D9012580D8EF00326A83 /* Build configuration list for PBXNativeTarget "SwiftUIPerfomanceTestApp" */;
			buildPhases = (
				ACB5D8E62580D8EF00326A83 /* Sources */,
				ACB5D8E72580D8EF00326A83 /* Frameworks */,
				ACB5D8E82580D8EF00326A83 /* Resources */,
			);
			buildRules = (
			);
			dependencies = (
			);
			name = SwiftUIPerfomanceTestApp;
			productName = SwiftUIPerfomanceTestApp;
			productReference = ACB5D8EA2580D8EF00326A83 /* SwiftUIPerfomanceTestApp.app */;
			productType = "com.apple.product-type.application";
		};
/* End PBXNativeTarget section */

/* Begin PBXProject section */
		ACB5D8E22580D8EF00326A83 /* Project object */ = {
			isa = PBXProject;
			attributes = {
				LastSwiftUpdateCheck = 1220;
				LastUpgradeCheck = 1220;
				TargetAttributes = {
					ACB5D8E92580D8EF00326A83 = {
						CreatedOnToolsVersion = 12.2;
					};
				};
			};
			buildConfigurationList = ACB5D8E52580D8EF00326A83 /* Build configuration list for PBXProject "SwiftUIPerfomanceTestApp" */;
			compatibilityVersion = "Xcode 9.3";
			developmentRegion = en;
			hasScannedForEncodings = 0;
			knownRegions = (
				en,
				Base,
			);
			mainGroup = ACB5D8E12580D8EF00326A83;
			productRefGroup = ACB5D8EB2580D8EF00326A83 /* Products */;
			projectDirPath = "";
			projectRoot = "";
			targets = (
				ACB5D8E92580D8EF00326A83 /* SwiftUIPerfomanceTestApp */,
			);
		};
/* End PBXProject section */

/* Begin PBXResourcesBuildPhase section */
		ACB5D8E82580D8EF00326A83 /* Resources */ = {
			isa = PBXResourcesBuildPhase;
			buildActionMask = 2147483647;
			files = (
				ACB5D8FD2580D8EF00326A83 /* LaunchScreen.storyboard in Resources */,
				ACB5D8FA2580D8EF00326A83 /* Assets.xcassets in Resources */,
				ACB5D8F52580D8EF00326A83 /* Main.storyboard in Resources */,
			);
			runOnlyForDeploymentPostprocessing = 0;
		};
/* End PBXResourcesBuildPhase section */

/* Begin PBXSourcesBuildPhase section */
		ACB5D8E62580D8EF00326A83 /* Sources */ = {
			isa = PBXSourcesBuildPhase;
			buildActionMask = 2147483647;
			files = (
				ACB5D8F22580D8EF00326A83 /* ViewController.swift in Sources */,
				ACB5D8F82580D8EF00326A83 /* SwiftUIPerfomanceTestApp.xcdatamodeld in Sources */,
				ACB5D8EE2580D8EF00326A83 /* AppDelegate.swift in Sources */,
				ACB5D8F02580D8EF00326A83 /* SceneDelegate.swift in Sources */,
			);
			runOnlyForDeploymentPostprocessing = 0;
		};
/* End PBXSourcesBuildPhase section */

/* Begin PBXVariantGroup section */
		ACB5D8F32580D8EF00326A83 /* Main.storyboard */ = {
			isa = PBXVariantGroup;
			children = (
				ACB5D8F42580D8EF00326A83 /* Base */,
			);
			name = Main.storyboard;
			sourceTree = "<group>";
		};
		ACB5D8FB2580D8EF00326A83 /* LaunchScreen.storyboard */ = {
			isa = PBXVariantGroup;
			children = (
				ACB5D8FC2580D8EF00326A83 /* Base */,
			);
			name = LaunchScreen.storyboard;
			sourceTree = "<group>";
		};
/* End PBXVariantGroup section */

/* Begin XCBuildConfiguration section */
		ACB5D8FF2580D8EF00326A83 /* Debug */ = {
			isa = XCBuildConfiguration;
			buildSettings = {
				ALWAYS_SEARCH_USER_PATHS = NO;
				CLANG_ANALYZER_NONNULL = YES;
				CLANG_ANALYZER_NUMBER_OBJECT_CONVERSION = YES_AGGRESSIVE;
				CLANG_CXX_LANGUAGE_STANDARD = "gnu++14";
				CLANG_CXX_LIBRARY = "libc++";
				CLANG_ENABLE_MODULES = YES;
				CLANG_ENABLE_OBJC_ARC = YES;
				CLANG_ENABLE_OBJC_WEAK = YES;
				CLANG_WARN_BLOCK_CAPTURE_AUTORELEASING = YES;
				CLANG_WARN_BOOL_CONVERSION = YES;
				CLANG_WARN_COMMA = YES;
				CLANG_WARN_CONSTANT_CONVERSION = YES;
				CLANG_WARN_DEPRECATED_OBJC_IMPLEMENTATIONS = YES;
				CLANG_WARN_DIRECT_OBJC_ISA_USAGE = YES_ERROR;
				CLANG_WARN_DOCUMENTATION_COMMENTS = YES;
				CLANG_WARN_EMPTY_BODY = YES;
				CLANG_WARN_ENUM_CONVERSION = YES;
				CLANG_WARN_INFINITE_RECURSION = YES;
				CLANG_WARN_INT_CONVERSION = YES;
				CLANG_WARN_NON_LITERAL_NULL_CONVERSION = YES;
				CLANG_WARN_OBJC_IMPLICIT_RETAIN_SELF = YES;
				CLANG_WARN_OBJC_LITERAL_CONVERSION = YES;
				CLANG_WARN_OBJC_ROOT_CLASS = YES_ERROR;
				CLANG_WARN_QUOTED_INCLUDE_IN_FRAMEWORK_HEADER = YES;
				CLANG_WARN_RANGE_LOOP_ANALYSIS = YES;
				CLANG_WARN_STRICT_PROTOTYPES = YES;
				CLANG_WARN_SUSPICIOUS_MOVE = YES;
				CLANG_WARN_UNGUARDED_AVAILABILITY = YES_AGGRESSIVE;
				CLANG_WARN_UNREACHABLE_CODE = YES;
				CLANG_WARN__DUPLICATE_METHOD_MATCH = YES;
				COPY_PHASE_STRIP = NO;
				DEBUG_INFORMATION_FORMAT = dwarf;
				ENABLE_STRICT_OBJC_MSGSEND = YES;
				ENABLE_TESTABILITY = YES;
				GCC_C_LANGUAGE_STANDARD = gnu11;
				GCC_DYNAMIC_NO_PIC = NO;
				GCC_NO_COMMON_BLOCKS = YES;
				GCC_OPTIMIZATION_LEVEL = 0;
				GCC_PREPROCESSOR_DEFINITIONS = (
					"DEBUG=1",
					"$(inherited)",
				);
				GCC_WARN_64_TO_32_BIT_CONVERSION = YES;
				GCC_WARN_ABOUT_RETURN_TYPE = YES_ERROR;
				GCC_WARN_UNDECLARED_SELECTOR = YES;
				GCC_WARN_UNINITIALIZED_AUTOS = YES_AGGRESSIVE;
				GCC_WARN_UNUSED_FUNCTION = YES;
				GCC_WARN_UNUSED_VARIABLE = YES;
				IPHONEOS_DEPLOYMENT_TARGET = 14.2;
				MTL_ENABLE_DEBUG_INFO = INCLUDE_SOURCE;
				MTL_FAST_MATH = YES;
				ONLY_ACTIVE_ARCH = YES;
				SDKROOT = iphoneos;
				SWIFT_ACTIVE_COMPILATION_CONDITIONS = DEBUG;
				SWIFT_OPTIMIZATION_LEVEL = "-Onone";
			};
			name = Debug;
		};
		ACB5D9002580D8EF00326A83 /* Release */ = {
			isa = XCBuildConfiguration;
			buildSettings = {
				ALWAYS_SEARCH_USER_PATHS = NO;
				CLANG_ANALYZER_NONNULL = YES;
				CLANG_ANALYZER_NUMBER_OBJECT_CONVERSION = YES_AGGRESSIVE;
				CLANG_CXX_LANGUAGE_STANDARD = "gnu++14";
				CLANG_CXX_LIBRARY = "libc++";
				CLANG_ENABLE_MODULES = YES;
				CLANG_ENABLE_OBJC_ARC = YES;
				CLANG_ENABLE_OBJC_WEAK = YES;
				CLANG_WARN_BLOCK_CAPTURE_AUTORELEASING = YES;
				CLANG_WARN_BOOL_CONVERSION = YES;
				CLANG_WARN_COMMA = YES;
				CLANG_WARN_CONSTANT_CONVERSION = YES;
				CLANG_WARN_DEPRECATED_OBJC_IMPLEMENTATIONS = YES;
				CLANG_WARN_DIRECT_OBJC_ISA_USAGE = YES_ERROR;
				CLANG_WARN_DOCUMENTATION_COMMENTS = YES;
				CLANG_WARN_EMPTY_BODY = YES;
				CLANG_WARN_ENUM_CONVERSION = YES;
				CLANG_WARN_INFINITE_RECURSION = YES;
				CLANG_WARN_INT_CONVERSION = YES;
				CLANG_WARN_NON_LITERAL_NULL_CONVERSION = YES;
				CLANG_WARN_OBJC_IMPLICIT_RETAIN_SELF = YES;
				CLANG_WARN_OBJC_LITERAL_CONVERSION = YES;
				CLANG_WARN_OBJC_ROOT_CLASS = YES_ERROR;
				CLANG_WARN_QUOTED_INCLUDE_IN_FRAMEWORK_HEADER = YES;
				CLANG_WARN_RANGE_LOOP_ANALYSIS = YES;
				CLANG_WARN_STRICT_PROTOTYPES = YES;
				CLANG_WARN_SUSPICIOUS_MOVE = YES;
				CLANG_WARN_UNGUARDED_AVAILABILITY = YES_AGGRESSIVE;
				CLANG_WARN_UNREACHABLE_CODE = YES;
				CLANG_WARN__DUPLICATE_METHOD_MATCH = YES;
				COPY_PHASE_STRIP = NO;
				DEBUG_INFORMATION_FORMAT = "dwarf-with-dsym";
				ENABLE_NS_ASSERTIONS = NO;
				ENABLE_STRICT_OBJC_MSGSEND = YES;
				GCC_C_LANGUAGE_STANDARD = gnu11;
				GCC_NO_COMMON_BLOCKS = YES;
				GCC_WARN_64_TO_32_BIT_CONVERSION = YES;
				GCC_WARN_ABOUT_RETURN_TYPE = YES_ERROR;
				GCC_WARN_UNDECLARED_SELECTOR = YES;
				GCC_WARN_UNINITIALIZED_AUTOS = YES_AGGRESSIVE;
				GCC_WARN_UNUSED_FUNCTION = YES;
				GCC_WARN_UNUSED_VARIABLE = YES;
				IPHONEOS_DEPLOYMENT_TARGET = 14.2;
				MTL_ENABLE_DEBUG_INFO = NO;
				MTL_FAST_MATH = YES;
				SDKROOT = iphoneos;
				SWIFT_COMPILATION_MODE = wholemodule;
				SWIFT_OPTIMIZATION_LEVEL = "-O";
				VALIDATE_PRODUCT = YES;
			};
			name = Release;
		};
		ACB5D9022580D8EF00326A83 /* Debug */ = {
			isa = XCBuildConfiguration;
			buildSettings = {
				ASSETCATALOG_COMPILER_APPICON_NAME = AppIcon;
				ASSETCATALOG_COMPILER_GLOBAL_ACCENT_COLOR_NAME = AccentColor;
				CODE_SIGN_STYLE = Automatic;
				DEVELOPMENT_TEAM = 54X9L274YP;
				INFOPLIST_FILE = SwiftUIPerfomanceTestApp/Info.plist;
				LD_RUNPATH_SEARCH_PATHS = (
					"$(inherited)",
					"@executable_path/Frameworks",
				);
				PRODUCT_BUNDLE_IDENTIFIER = com.balashov.SwiftUIPerfomanceTestApp.SwiftUIPerfomanceTestApp;
				PRODUCT_NAME = "$(TARGET_NAME)";
				SWIFT_VERSION = 5.0;
				TARGETED_DEVICE_FAMILY = "1,2";
			};
			name = Debug;
		};
		ACB5D9032580D8EF00326A83 /* Release */ = {
			isa = XCBuildConfiguration;
			buildSettings = {
				ASSETCATALOG_COMPILER_APPICON_NAME = AppIcon;
				ASSETCATALOG_COMPILER_GLOBAL_ACCENT_COLOR_NAME = AccentColor;
				CODE_SIGN_STYLE = Automatic;
				DEVELOPMENT_TEAM = 54X9L274YP;
				INFOPLIST_FILE = SwiftUIPerfomanceTestApp/Info.plist;
				LD_RUNPATH_SEARCH_PATHS = (
					"$(inherited)",
					"@executable_path/Frameworks",
				);
				PRODUCT_BUNDLE_IDENTIFIER = com.balashov.SwiftUIPerfomanceTestApp.SwiftUIPerfomanceTestApp;
				PRODUCT_NAME = "$(TARGET_NAME)";
				SWIFT_VERSION = 5.0;
				TARGETED_DEVICE_FAMILY = "1,2";
			};
			name = Release;
		};
/* End XCBuildConfiguration section */

/* Begin XCConfigurationList section */
		ACB5D8E52580D8EF00326A83 /* Build configuration list for PBXProject "SwiftUIPerfomanceTestApp" */ = {
			isa = XCConfigurationList;
			buildConfigurations = (
				ACB5D8FF2580D8EF00326A83 /* Debug */,
				ACB5D9002580D8EF00326A83 /* Release */,
			);
			defaultConfigurationIsVisible = 0;
			defaultConfigurationName = Release;
		};
		ACB5D9012580D8EF00326A83 /* Build configuration list for PBXNativeTarget "SwiftUIPerfomanceTestApp" */ = {
			isa = XCConfigurationList;
			buildConfigurations = (
				ACB5D9022580D8EF00326A83 /* Debug */,
				ACB5D9032580D8EF00326A83 /* Release */,
			);
			defaultConfigurationIsVisible = 0;
			defaultConfigurationName = Release;
		};
/* End XCConfigurationList section */

/* Begin XCVersionGroup section */
		ACB5D8F62580D8EF00326A83 /* SwiftUIPerfomanceTestApp.xcdatamodeld */ = {
			isa = XCVersionGroup;
			children = (
				ACB5D8F72580D8EF00326A83 /* SwiftUIPerfomanceTestApp.xcdatamodel */,
			);
			currentVersion = ACB5D8F72580D8EF00326A83 /* SwiftUIPerfomanceTestApp.xcdatamodel */;
			path = SwiftUIPerfomanceTestApp.xcdatamodeld;
			sourceTree = "<group>";
			versionGroupType = wrapper.xcdatamodel;
		};
/* End XCVersionGroup section */
	};
	rootObject = ACB5D8E22580D8EF00326A83 /* Project object */;
}
